// !$*UTF8*$!
{
	archiveVersion = 1;
	classes = {
	};
	objectVersion = 55;
	objects = {

/* Begin PBXBuildFile section */
		AF63B795275F699600F0455B /* LaunchTimeMeasurer.m in Sources */ = {isa = PBXBuildFile; fileRef = AF63B793275F699600F0455B /* LaunchTimeMeasurer.m */; };
		AF6B213D2757749A00240EE9 /* BatteryMonitor.m in Sources */ = {isa = PBXBuildFile; fileRef = AF6B213C2757749A00240EE9 /* BatteryMonitor.m */; };
		AF6B2140275874E000240EE9 /* FPSMonitor.m in Sources */ = {isa = PBXBuildFile; fileRef = AF6B213F275874E000240EE9 /* FPSMonitor.m */; };
		AF6B2143275876F400240EE9 /* QuartzCore.framework in Frameworks */ = {isa = PBXBuildFile; fileRef = AF6B2142275876F400240EE9 /* QuartzCore.framework */; };
		AF6B2146275877A600240EE9 /* WeakProxy.m in Sources */ = {isa = PBXBuildFile; fileRef = AF6B2145275877A600240EE9 /* WeakProxy.m */; };
		AFC13FCD27547C9500369D61 /* AppDelegate.swift in Sources */ = {isa = PBXBuildFile; fileRef = AFC13FCC27547C9500369D61 /* AppDelegate.swift */; };
		AFC13FCF27547C9500369D61 /* SceneDelegate.swift in Sources */ = {isa = PBXBuildFile; fileRef = AFC13FCE27547C9500369D61 /* SceneDelegate.swift */; };
		AFC13FD127547C9500369D61 /* ViewController.swift in Sources */ = {isa = PBXBuildFile; fileRef = AFC13FD027547C9500369D61 /* ViewController.swift */; };
		AFC13FD427547C9500369D61 /* Main.storyboard in Resources */ = {isa = PBXBuildFile; fileRef = AFC13FD227547C9500369D61 /* Main.storyboard */; };
		AFC13FD627547C9800369D61 /* Assets.xcassets in Resources */ = {isa = PBXBuildFile; fileRef = AFC13FD527547C9800369D61 /* Assets.xcassets */; };
		AFC13FD927547C9800369D61 /* LaunchScreen.storyboard in Resources */ = {isa = PBXBuildFile; fileRef = AFC13FD727547C9800369D61 /* LaunchScreen.storyboard */; };
		AFC13FE427547C9800369D61 /* performancemonitoringTests.swift in Sources */ = {isa = PBXBuildFile; fileRef = AFC13FE327547C9800369D61 /* performancemonitoringTests.swift */; };
		AFC13FEE27547C9800369D61 /* performancemonitoringUITests.swift in Sources */ = {isa = PBXBuildFile; fileRef = AFC13FED27547C9800369D61 /* performancemonitoringUITests.swift */; };
		AFC13FF027547C9800369D61 /* performancemonitoringUITestsLaunchTests.swift in Sources */ = {isa = PBXBuildFile; fileRef = AFC13FEF27547C9800369D61 /* performancemonitoringUITestsLaunchTests.swift */; };
		AFC140172755F57700369D61 /* CUPMonitor.m in Sources */ = {isa = PBXBuildFile; fileRef = AFC140162755F57700369D61 /* CUPMonitor.m */; };
		AFC1401C2756081400369D61 /* MemoryMonitor.m in Sources */ = {isa = PBXBuildFile; fileRef = AFC1401B2756081400369D61 /* MemoryMonitor.m */; };
/* End PBXBuildFile section */

/* Begin PBXContainerItemProxy section */
		AFC13FE027547C9800369D61 /* PBXContainerItemProxy */ = {
			isa = PBXContainerItemProxy;
			containerPortal = AFC13FC127547C9500369D61 /* Project object */;
			proxyType = 1;
			remoteGlobalIDString = AFC13FC827547C9500369D61;
			remoteInfo = performancemonitoring;
		};
		AFC13FEA27547C9800369D61 /* PBXContainerItemProxy */ = {
			isa = PBXContainerItemProxy;
			containerPortal = AFC13FC127547C9500369D61 /* Project object */;
			proxyType = 1;
			remoteGlobalIDString = AFC13FC827547C9500369D61;
			remoteInfo = performancemonitoring;
		};
/* End PBXContainerItemProxy section */

/* Begin PBXFileReference section */
		AF63B793275F699600F0455B /* LaunchTimeMeasurer.m */ = {isa = PBXFileReference; fileEncoding = 4; lastKnownFileType = sourcecode.c.objc; path = LaunchTimeMeasurer.m; sourceTree = "<group>"; };
		AF63B794275F699600F0455B /* LaunchTimeMeasurer.h */ = {isa = PBXFileReference; fileEncoding = 4; lastKnownFileType = sourcecode.c.h; path = LaunchTimeMeasurer.h; sourceTree = "<group>"; };
		AF6B213B2757749A00240EE9 /* BatteryMonitor.h */ = {isa = PBXFileReference; lastKnownFileType = sourcecode.c.h; path = BatteryMonitor.h; sourceTree = "<group>"; };
		AF6B213C2757749A00240EE9 /* BatteryMonitor.m */ = {isa = PBXFileReference; lastKnownFileType = sourcecode.c.objc; path = BatteryMonitor.m; sourceTree = "<group>"; };
		AF6B213E275874E000240EE9 /* FPSMonitor.h */ = {isa = PBXFileReference; lastKnownFileType = sourcecode.c.h; path = FPSMonitor.h; sourceTree = "<group>"; };
		AF6B213F275874E000240EE9 /* FPSMonitor.m */ = {isa = PBXFileReference; lastKnownFileType = sourcecode.c.objc; path = FPSMonitor.m; sourceTree = "<group>"; };
		AF6B2142275876F400240EE9 /* QuartzCore.framework */ = {isa = PBXFileReference; lastKnownFileType = wrapper.framework; name = QuartzCore.framework; path = System/Library/Frameworks/QuartzCore.framework; sourceTree = SDKROOT; };
		AF6B2144275877A600240EE9 /* WeakProxy.h */ = {isa = PBXFileReference; lastKnownFileType = sourcecode.c.h; path = WeakProxy.h; sourceTree = "<group>"; };
		AF6B2145275877A600240EE9 /* WeakProxy.m */ = {isa = PBXFileReference; lastKnownFileType = sourcecode.c.objc; path = WeakProxy.m; sourceTree = "<group>"; };
		AFC13FC927547C9500369D61 /* performancemonitoring.app */ = {isa = PBXFileReference; explicitFileType = wrapper.application; includeInIndex = 0; path = performancemonitoring.app; sourceTree = BUILT_PRODUCTS_DIR; };
		AFC13FCC27547C9500369D61 /* AppDelegate.swift */ = {isa = PBXFileReference; lastKnownFileType = sourcecode.swift; path = AppDelegate.swift; sourceTree = "<group>"; };
		AFC13FCE27547C9500369D61 /* SceneDelegate.swift */ = {isa = PBXFileReference; lastKnownFileType = sourcecode.swift; path = SceneDelegate.swift; sourceTree = "<group>"; };
		AFC13FD027547C9500369D61 /* ViewController.swift */ = {isa = PBXFileReference; lastKnownFileType = sourcecode.swift; path = ViewController.swift; sourceTree = "<group>"; };
		AFC13FD327547C9500369D61 /* Base */ = {isa = PBXFileReference; lastKnownFileType = file.storyboard; name = Base; path = Base.lproj/Main.storyboard; sourceTree = "<group>"; };
		AFC13FD527547C9800369D61 /* Assets.xcassets */ = {isa = PBXFileReference; lastKnownFileType = folder.assetcatalog; path = Assets.xcassets; sourceTree = "<group>"; };
		AFC13FD827547C9800369D61 /* Base */ = {isa = PBXFileReference; lastKnownFileType = file.storyboard; name = Base; path = Base.lproj/LaunchScreen.storyboard; sourceTree = "<group>"; };
		AFC13FDA27547C9800369D61 /* Info.plist */ = {isa = PBXFileReference; lastKnownFileType = text.plist.xml; path = Info.plist; sourceTree = "<group>"; };
		AFC13FDF27547C9800369D61 /* performancemonitoringTests.xctest */ = {isa = PBXFileReference; explicitFileType = wrapper.cfbundle; includeInIndex = 0; path = performancemonitoringTests.xctest; sourceTree = BUILT_PRODUCTS_DIR; };
		AFC13FE327547C9800369D61 /* performancemonitoringTests.swift */ = {isa = PBXFileReference; lastKnownFileType = sourcecode.swift; path = performancemonitoringTests.swift; sourceTree = "<group>"; };
		AFC13FE927547C9800369D61 /* performancemonitoringUITests.xctest */ = {isa = PBXFileReference; explicitFileType = wrapper.cfbundle; includeInIndex = 0; path = performancemonitoringUITests.xctest; sourceTree = BUILT_PRODUCTS_DIR; };
		AFC13FED27547C9800369D61 /* performancemonitoringUITests.swift */ = {isa = PBXFileReference; lastKnownFileType = sourcecode.swift; path = performancemonitoringUITests.swift; sourceTree = "<group>"; };
		AFC13FEF27547C9800369D61 /* performancemonitoringUITestsLaunchTests.swift */ = {isa = PBXFileReference; lastKnownFileType = sourcecode.swift; path = performancemonitoringUITestsLaunchTests.swift; sourceTree = "<group>"; };
		AFC140152755F57700369D61 /* CUPMonitor.h */ = {isa = PBXFileReference; lastKnownFileType = sourcecode.c.h; path = CUPMonitor.h; sourceTree = "<group>"; };
		AFC140162755F57700369D61 /* CUPMonitor.m */ = {isa = PBXFileReference; lastKnownFileType = sourcecode.c.objc; path = CUPMonitor.m; sourceTree = "<group>"; };
		AFC140182755F5CC00369D61 /* performancemonitoring-Bridging-Header.h */ = {isa = PBXFileReference; fileEncoding = 4; lastKnownFileType = sourcecode.c.h; path = "performancemonitoring-Bridging-Header.h"; sourceTree = "<group>"; };
		AFC1401A2756081400369D61 /* MemoryMonitor.h */ = {isa = PBXFileReference; lastKnownFileType = sourcecode.c.h; path = MemoryMonitor.h; sourceTree = "<group>"; };
		AFC1401B2756081400369D61 /* MemoryMonitor.m */ = {isa = PBXFileReference; lastKnownFileType = sourcecode.c.objc; path = MemoryMonitor.m; sourceTree = "<group>"; };
/* End PBXFileReference section */

/* Begin PBXFrameworksBuildPhase section */
		AFC13FC627547C9500369D61 /* Frameworks */ = {
			isa = PBXFrameworksBuildPhase;
			buildActionMask = 2147483647;
			files = (
				AF6B2143275876F400240EE9 /* QuartzCore.framework in Frameworks */,
			);
			runOnlyForDeploymentPostprocessing = 0;
		};
		AFC13FDC27547C9800369D61 /* Frameworks */ = {
			isa = PBXFrameworksBuildPhase;
			buildActionMask = 2147483647;
			files = (
			);
			runOnlyForDeploymentPostprocessing = 0;
		};
		AFC13FE627547C9800369D61 /* Frameworks */ = {
			isa = PBXFrameworksBuildPhase;
			buildActionMask = 2147483647;
			files = (
			);
			runOnlyForDeploymentPostprocessing = 0;
		};
/* End PBXFrameworksBuildPhase section */

/* Begin PBXGroup section */
		AF6B2141275876F400240EE9 /* Frameworks */ = {
			isa = PBXGroup;
			children = (
				AF6B2142275876F400240EE9 /* QuartzCore.framework */,
			);
			name = Frameworks;
			sourceTree = "<group>";
		};
		AFC13FC027547C9500369D61 = {
			isa = PBXGroup;
			children = (
				AFC13FCB27547C9500369D61 /* performancemonitoring */,
				AFC13FE227547C9800369D61 /* performancemonitoringTests */,
				AFC13FEC27547C9800369D61 /* performancemonitoringUITests */,
				AFC13FCA27547C9500369D61 /* Products */,
				AF6B2141275876F400240EE9 /* Frameworks */,
			);
			sourceTree = "<group>";
		};
		AFC13FCA27547C9500369D61 /* Products */ = {
			isa = PBXGroup;
			children = (
				AFC13FC927547C9500369D61 /* performancemonitoring.app */,
				AFC13FDF27547C9800369D61 /* performancemonitoringTests.xctest */,
				AFC13FE927547C9800369D61 /* performancemonitoringUITests.xctest */,
			);
			name = Products;
			sourceTree = "<group>";
		};
		AFC13FCB27547C9500369D61 /* performancemonitoring */ = {
			isa = PBXGroup;
			children = (
				AFC13FFC27547CC000369D61 /* monitor */,
				AFC13FCC27547C9500369D61 /* AppDelegate.swift */,
				AFC13FCE27547C9500369D61 /* SceneDelegate.swift */,
				AFC13FD027547C9500369D61 /* ViewController.swift */,
				AFC13FD227547C9500369D61 /* Main.storyboard */,
				AFC13FD527547C9800369D61 /* Assets.xcassets */,
				AFC13FD727547C9800369D61 /* LaunchScreen.storyboard */,
				AFC13FDA27547C9800369D61 /* Info.plist */,
			);
			path = performancemonitoring;
			sourceTree = "<group>";
		};
		AFC13FE227547C9800369D61 /* performancemonitoringTests */ = {
			isa = PBXGroup;
			children = (
				AFC13FE327547C9800369D61 /* performancemonitoringTests.swift */,
			);
			path = performancemonitoringTests;
			sourceTree = "<group>";
		};
		AFC13FEC27547C9800369D61 /* performancemonitoringUITests */ = {
			isa = PBXGroup;
			children = (
				AFC13FED27547C9800369D61 /* performancemonitoringUITests.swift */,
				AFC13FEF27547C9800369D61 /* performancemonitoringUITestsLaunchTests.swift */,
			);
			path = performancemonitoringUITests;
			sourceTree = "<group>";
		};
		AFC13FFC27547CC000369D61 /* monitor */ = {
			isa = PBXGroup;
			children = (
				AF63B794275F699600F0455B /* LaunchTimeMeasurer.h */,
				AF63B793275F699600F0455B /* LaunchTimeMeasurer.m */,
				AFC140182755F5CC00369D61 /* performancemonitoring-Bridging-Header.h */,
				AFC140152755F57700369D61 /* CUPMonitor.h */,
				AFC140162755F57700369D61 /* CUPMonitor.m */,
				AFC1401A2756081400369D61 /* MemoryMonitor.h */,
				AFC1401B2756081400369D61 /* MemoryMonitor.m */,
				AF6B213B2757749A00240EE9 /* BatteryMonitor.h */,
				AF6B213C2757749A00240EE9 /* BatteryMonitor.m */,
				AF6B213E275874E000240EE9 /* FPSMonitor.h */,
				AF6B213F275874E000240EE9 /* FPSMonitor.m */,
				AF6B2144275877A600240EE9 /* WeakProxy.h */,
				AF6B2145275877A600240EE9 /* WeakProxy.m */,
			);
			path = monitor;
			sourceTree = "<group>";
		};
/* End PBXGroup section */

/* Begin PBXNativeTarget section */
		AFC13FC827547C9500369D61 /* performancemonitoring */ = {
			isa = PBXNativeTarget;
			buildConfigurationList = AFC13FF327547C9800369D61 /* Build configuration list for PBXNativeTarget "performancemonitoring" */;
			buildPhases = (
				AFC13FC527547C9500369D61 /* Sources */,
				AFC13FC627547C9500369D61 /* Frameworks */,
				AFC13FC727547C9500369D61 /* Resources */,
			);
			buildRules = (
			);
			dependencies = (
			);
			name = performancemonitoring;
			productName = performancemonitoring;
			productReference = AFC13FC927547C9500369D61 /* performancemonitoring.app */;
			productType = "com.apple.product-type.application";
		};
		AFC13FDE27547C9800369D61 /* performancemonitoringTests */ = {
			isa = PBXNativeTarget;
			buildConfigurationList = AFC13FF627547C9800369D61 /* Build configuration list for PBXNativeTarget "performancemonitoringTests" */;
			buildPhases = (
				AFC13FDB27547C9800369D61 /* Sources */,
				AFC13FDC27547C9800369D61 /* Frameworks */,
				AFC13FDD27547C9800369D61 /* Resources */,
			);
			buildRules = (
			);
			dependencies = (
				AFC13FE127547C9800369D61 /* PBXTargetDependency */,
			);
			name = performancemonitoringTests;
			productName = performancemonitoringTests;
			productReference = AFC13FDF27547C9800369D61 /* performancemonitoringTests.xctest */;
			productType = "com.apple.product-type.bundle.unit-test";
		};
		AFC13FE827547C9800369D61 /* performancemonitoringUITests */ = {
			isa = PBXNativeTarget;
			buildConfigurationList = AFC13FF927547C9800369D61 /* Build configuration list for PBXNativeTarget "performancemonitoringUITests" */;
			buildPhases = (
				AFC13FE527547C9800369D61 /* Sources */,
				AFC13FE627547C9800369D61 /* Frameworks */,
				AFC13FE727547C9800369D61 /* Resources */,
			);
			buildRules = (
			);
			dependencies = (
				AFC13FEB27547C9800369D61 /* PBXTargetDependency */,
			);
			name = performancemonitoringUITests;
			productName = performancemonitoringUITests;
			productReference = AFC13FE927547C9800369D61 /* performancemonitoringUITests.xctest */;
			productType = "com.apple.product-type.bundle.ui-testing";
		};
/* End PBXNativeTarget section */

/* Begin PBXProject section */
		AFC13FC127547C9500369D61 /* Project object */ = {
			isa = PBXProject;
			attributes = {
				BuildIndependentTargetsInParallel = 1;
				LastSwiftUpdateCheck = 1300;
				LastUpgradeCheck = 1300;
				TargetAttributes = {
					AFC13FC827547C9500369D61 = {
						CreatedOnToolsVersion = 13.0;
						LastSwiftMigration = 1300;
					};
					AFC13FDE27547C9800369D61 = {
						CreatedOnToolsVersion = 13.0;
						TestTargetID = AFC13FC827547C9500369D61;
					};
					AFC13FE827547C9800369D61 = {
						CreatedOnToolsVersion = 13.0;
						TestTargetID = AFC13FC827547C9500369D61;
					};
				};
			};
			buildConfigurationList = AFC13FC427547C9500369D61 /* Build configuration list for PBXProject "performancemonitoring" */;
			compatibilityVersion = "Xcode 13.0";
			developmentRegion = en;
			hasScannedForEncodings = 0;
			knownRegions = (
				en,
				Base,
			);
			mainGroup = AFC13FC027547C9500369D61;
			productRefGroup = AFC13FCA27547C9500369D61 /* Products */;
			projectDirPath = "";
			projectRoot = "";
			targets = (
				AFC13FC827547C9500369D61 /* performancemonitoring */,
				AFC13FDE27547C9800369D61 /* performancemonitoringTests */,
				AFC13FE827547C9800369D61 /* performancemonitoringUITests */,
			);
		};
/* End PBXProject section */

/* Begin PBXResourcesBuildPhase section */
		AFC13FC727547C9500369D61 /* Resources */ = {
			isa = PBXResourcesBuildPhase;
			buildActionMask = 2147483647;
			files = (
				AFC13FD927547C9800369D61 /* LaunchScreen.storyboard in Resources */,
				AFC13FD627547C9800369D61 /* Assets.xcassets in Resources */,
				AFC13FD427547C9500369D61 /* Main.storyboard in Resources */,
			);
			runOnlyForDeploymentPostprocessing = 0;
		};
		AFC13FDD27547C9800369D61 /* Resources */ = {
			isa = PBXResourcesBuildPhase;
			buildActionMask = 2147483647;
			files = (
			);
			runOnlyForDeploymentPostprocessing = 0;
		};
		AFC13FE727547C9800369D61 /* Resources */ = {
			isa = PBXResourcesBuildPhase;
			buildActionMask = 2147483647;
			files = (
			);
			runOnlyForDeploymentPostprocessing = 0;
		};
/* End PBXResourcesBuildPhase section */

/* Begin PBXSourcesBuildPhase section */
		AFC13FC527547C9500369D61 /* Sources */ = {
			isa = PBXSourcesBuildPhase;
			buildActionMask = 2147483647;
			files = (
				AF6B2140275874E000240EE9 /* FPSMonitor.m in Sources */,
				AFC1401C2756081400369D61 /* MemoryMonitor.m in Sources */,
				AFC13FD127547C9500369D61 /* ViewController.swift in Sources */,
				AFC13FCD27547C9500369D61 /* AppDelegate.swift in Sources */,
				AF6B213D2757749A00240EE9 /* BatteryMonitor.m in Sources */,
				AF63B795275F699600F0455B /* LaunchTimeMeasurer.m in Sources */,
				AF6B2146275877A600240EE9 /* WeakProxy.m in Sources */,
				AFC13FCF27547C9500369D61 /* SceneDelegate.swift in Sources */,
				AFC140172755F57700369D61 /* CUPMonitor.m in Sources */,
			);
			runOnlyForDeploymentPostprocessing = 0;
		};
		AFC13FDB27547C9800369D61 /* Sources */ = {
			isa = PBXSourcesBuildPhase;
			buildActionMask = 2147483647;
			files = (
				AFC13FE427547C9800369D61 /* performancemonitoringTests.swift in Sources */,
			);
			runOnlyForDeploymentPostprocessing = 0;
		};
		AFC13FE527547C9800369D61 /* Sources */ = {
			isa = PBXSourcesBuildPhase;
			buildActionMask = 2147483647;
			files = (
				AFC13FEE27547C9800369D61 /* performancemonitoringUITests.swift in Sources */,
				AFC13FF027547C9800369D61 /* performancemonitoringUITestsLaunchTests.swift in Sources */,
			);
			runOnlyForDeploymentPostprocessing = 0;
		};
/* End PBXSourcesBuildPhase section */

/* Begin PBXTargetDependency section */
		AFC13FE127547C9800369D61 /* PBXTargetDependency */ = {
			isa = PBXTargetDependency;
			target = AFC13FC827547C9500369D61 /* performancemonitoring */;
			targetProxy = AFC13FE027547C9800369D61 /* PBXContainerItemProxy */;
		};
		AFC13FEB27547C9800369D61 /* PBXTargetDependency */ = {
			isa = PBXTargetDependency;
			target = AFC13FC827547C9500369D61 /* performancemonitoring */;
			targetProxy = AFC13FEA27547C9800369D61 /* PBXContainerItemProxy */;
		};
/* End PBXTargetDependency section */

/* Begin PBXVariantGroup section */
		AFC13FD227547C9500369D61 /* Main.storyboard */ = {
			isa = PBXVariantGroup;
			children = (
				AFC13FD327547C9500369D61 /* Base */,
			);
			name = Main.storyboard;
			sourceTree = "<group>";
		};
		AFC13FD727547C9800369D61 /* LaunchScreen.storyboard */ = {
			isa = PBXVariantGroup;
			children = (
				AFC13FD827547C9800369D61 /* Base */,
			);
			name = LaunchScreen.storyboard;
			sourceTree = "<group>";
		};
/* End PBXVariantGroup section */

/* Begin XCBuildConfiguration section */
		AFC13FF127547C9800369D61 /* Debug */ = {
			isa = XCBuildConfiguration;
			buildSettings = {
				ALWAYS_SEARCH_USER_PATHS = NO;
				CLANG_ANALYZER_NONNULL = YES;
				CLANG_ANALYZER_NUMBER_OBJECT_CONVERSION = YES_AGGRESSIVE;
				CLANG_CXX_LANGUAGE_STANDARD = "gnu++17";
				CLANG_CXX_LIBRARY = "libc++";
				CLANG_ENABLE_MODULES = YES;
				CLANG_ENABLE_OBJC_ARC = YES;
				CLANG_ENABLE_OBJC_WEAK = YES;
				CLANG_WARN_BLOCK_CAPTURE_AUTORELEASING = YES;
				CLANG_WARN_BOOL_CONVERSION = YES;
				CLANG_WARN_COMMA = YES;
				CLANG_WARN_CONSTANT_CONVERSION = YES;
				CLANG_WARN_DEPRECATED_OBJC_IMPLEMENTATIONS = YES;
				CLANG_WARN_DIRECT_OBJC_ISA_USAGE = YES_ERROR;
				CLANG_WARN_DOCUMENTATION_COMMENTS = YES;
				CLANG_WARN_EMPTY_BODY = YES;
				CLANG_WARN_ENUM_CONVERSION = YES;
				CLANG_WARN_INFINITE_RECURSION = YES;
				CLANG_WARN_INT_CONVERSION = YES;
				CLANG_WARN_NON_LITERAL_NULL_CONVERSION = YES;
				CLANG_WARN_OBJC_IMPLICIT_RETAIN_SELF = YES;
				CLANG_WARN_OBJC_LITERAL_CONVERSION = YES;
				CLANG_WARN_OBJC_ROOT_CLASS = YES_ERROR;
				CLANG_WARN_QUOTED_INCLUDE_IN_FRAMEWORK_HEADER = YES;
				CLANG_WARN_RANGE_LOOP_ANALYSIS = YES;
				CLANG_WARN_STRICT_PROTOTYPES = YES;
				CLANG_WARN_SUSPICIOUS_MOVE = YES;
				CLANG_WARN_UNGUARDED_AVAILABILITY = YES_AGGRESSIVE;
				CLANG_WARN_UNREACHABLE_CODE = YES;
				CLANG_WARN__DUPLICATE_METHOD_MATCH = YES;
				COPY_PHASE_STRIP = NO;
				DEBUG_INFORMATION_FORMAT = dwarf;
				ENABLE_STRICT_OBJC_MSGSEND = YES;
				ENABLE_TESTABILITY = YES;
				GCC_C_LANGUAGE_STANDARD = gnu11;
				GCC_DYNAMIC_NO_PIC = NO;
				GCC_NO_COMMON_BLOCKS = YES;
				GCC_OPTIMIZATION_LEVEL = 0;
				GCC_PREPROCESSOR_DEFINITIONS = (
					"DEBUG=1",
					"$(inherited)",
				);
				GCC_WARN_64_TO_32_BIT_CONVERSION = YES;
				GCC_WARN_ABOUT_RETURN_TYPE = YES_ERROR;
				GCC_WARN_UNDECLARED_SELECTOR = YES;
				GCC_WARN_UNINITIALIZED_AUTOS = YES_AGGRESSIVE;
				GCC_WARN_UNUSED_FUNCTION = YES;
				GCC_WARN_UNUSED_VARIABLE = YES;
				IPHONEOS_DEPLOYMENT_TARGET = 15.0;
				MTL_ENABLE_DEBUG_INFO = INCLUDE_SOURCE;
				MTL_FAST_MATH = YES;
				ONLY_ACTIVE_ARCH = YES;
				SDKROOT = iphoneos;
				SWIFT_ACTIVE_COMPILATION_CONDITIONS = DEBUG;
				SWIFT_OPTIMIZATION_LEVEL = "-Onone";
			};
			name = Debug;
		};
		AFC13FF227547C9800369D61 /* Release */ = {
			isa = XCBuildConfiguration;
			buildSettings = {
				ALWAYS_SEARCH_USER_PATHS = NO;
				CLANG_ANALYZER_NONNULL = YES;
				CLANG_ANALYZER_NUMBER_OBJECT_CONVERSION = YES_AGGRESSIVE;
				CLANG_CXX_LANGUAGE_STANDARD = "gnu++17";
				CLANG_CXX_LIBRARY = "libc++";
				CLANG_ENABLE_MODULES = YES;
				CLANG_ENABLE_OBJC_ARC = YES;
				CLANG_ENABLE_OBJC_WEAK = YES;
				CLANG_WARN_BLOCK_CAPTURE_AUTORELEASING = YES;
				CLANG_WARN_BOOL_CONVERSION = YES;
				CLANG_WARN_COMMA = YES;
				CLANG_WARN_CONSTANT_CONVERSION = YES;
				CLANG_WARN_DEPRECATED_OBJC_IMPLEMENTATIONS = YES;
				CLANG_WARN_DIRECT_OBJC_ISA_USAGE = YES_ERROR;
				CLANG_WARN_DOCUMENTATION_COMMENTS = YES;
				CLANG_WARN_EMPTY_BODY = YES;
				CLANG_WARN_ENUM_CONVERSION = YES;
				CLANG_WARN_INFINITE_RECURSION = YES;
				CLANG_WARN_INT_CONVERSION = YES;
				CLANG_WARN_NON_LITERAL_NULL_CONVERSION = YES;
				CLANG_WARN_OBJC_IMPLICIT_RETAIN_SELF = YES;
				CLANG_WARN_OBJC_LITERAL_CONVERSION = YES;
				CLANG_WARN_OBJC_ROOT_CLASS = YES_ERROR;
				CLANG_WARN_QUOTED_INCLUDE_IN_FRAMEWORK_HEADER = YES;
				CLANG_WARN_RANGE_LOOP_ANALYSIS = YES;
				CLANG_WARN_STRICT_PROTOTYPES = YES;
				CLANG_WARN_SUSPICIOUS_MOVE = YES;
				CLANG_WARN_UNGUARDED_AVAILABILITY = YES_AGGRESSIVE;
				CLANG_WARN_UNREACHABLE_CODE = YES;
				CLANG_WARN__DUPLICATE_METHOD_MATCH = YES;
				COPY_PHASE_STRIP = NO;
				DEBUG_INFORMATION_FORMAT = "dwarf-with-dsym";
				ENABLE_NS_ASSERTIONS = NO;
				ENABLE_STRICT_OBJC_MSGSEND = YES;
				GCC_C_LANGUAGE_STANDARD = gnu11;
				GCC_NO_COMMON_BLOCKS = YES;
				GCC_WARN_64_TO_32_BIT_CONVERSION = YES;
				GCC_WARN_ABOUT_RETURN_TYPE = YES_ERROR;
				GCC_WARN_UNDECLARED_SELECTOR = YES;
				GCC_WARN_UNINITIALIZED_AUTOS = YES_AGGRESSIVE;
				GCC_WARN_UNUSED_FUNCTION = YES;
				GCC_WARN_UNUSED_VARIABLE = YES;
				IPHONEOS_DEPLOYMENT_TARGET = 15.0;
				MTL_ENABLE_DEBUG_INFO = NO;
				MTL_FAST_MATH = YES;
				SDKROOT = iphoneos;
				SWIFT_COMPILATION_MODE = wholemodule;
				SWIFT_OPTIMIZATION_LEVEL = "-O";
				VALIDATE_PRODUCT = YES;
			};
			name = Release;
		};
		AFC13FF427547C9800369D61 /* Debug */ = {
			isa = XCBuildConfiguration;
			buildSettings = {
				ASSETCATALOG_COMPILER_APPICON_NAME = AppIcon;
				ASSETCATALOG_COMPILER_GLOBAL_ACCENT_COLOR_NAME = AccentColor;
				CLANG_ENABLE_MODULES = YES;
				CODE_SIGN_STYLE = Automatic;
				CURRENT_PROJECT_VERSION = 1;
				DEVELOPMENT_TEAM = 6D5BLR6RK8;
				GENERATE_INFOPLIST_FILE = YES;
				INFOPLIST_FILE = performancemonitoring/Info.plist;
				INFOPLIST_KEY_UIApplicationSupportsIndirectInputEvents = YES;
				INFOPLIST_KEY_UILaunchStoryboardName = LaunchScreen;
				INFOPLIST_KEY_UIMainStoryboardFile = Main;
				INFOPLIST_KEY_UISupportedInterfaceOrientations_iPad = "UIInterfaceOrientationPortrait UIInterfaceOrientationPortraitUpsideDown UIInterfaceOrientationLandscapeLeft UIInterfaceOrientationLandscapeRight";
				INFOPLIST_KEY_UISupportedInterfaceOrientations_iPhone = "UIInterfaceOrientationPortrait UIInterfaceOrientationLandscapeLeft UIInterfaceOrientationLandscapeRight";
				IPHONEOS_DEPLOYMENT_TARGET = 14.0;
				LD_RUNPATH_SEARCH_PATHS = (
					"$(inherited)",
					"@executable_path/Frameworks",
				);
				MARKETING_VERSION = 1.0;
				PRODUCT_BUNDLE_IDENTIFIER = com.DesignPattern.test.performancemonitoring;
				PRODUCT_NAME = "$(TARGET_NAME)";
				SWIFT_EMIT_LOC_STRINGS = YES;
				SWIFT_OBJC_BRIDGING_HEADER = "performancemonitoring/monitor/performancemonitoring-Bridging-Header.h";
				SWIFT_OPTIMIZATION_LEVEL = "-Onone";
				SWIFT_VERSION = 5.0;
				TARGETED_DEVICE_FAMILY = "1,2";
			};
			name = Debug;
		};
		AFC13FF527547C9800369D61 /* Release */ = {
			isa = XCBuildConfiguration;
			buildSettings = {
				ASSETCATALOG_COMPILER_APPICON_NAME = AppIcon;
				ASSETCATALOG_COMPILER_GLOBAL_ACCENT_COLOR_NAME = AccentColor;
				CLANG_ENABLE_MODULES = YES;
				CODE_SIGN_STYLE = Automatic;
				CURRENT_PROJECT_VERSION = 1;
				DEVELOPMENT_TEAM = 6D5BLR6RK8;
				GENERATE_INFOPLIST_FILE = YES;
				INFOPLIST_FILE = performancemonitoring/Info.plist;
				INFOPLIST_KEY_UIApplicationSupportsIndirectInputEvents = YES;
				INFOPLIST_KEY_UILaunchStoryboardName = LaunchScreen;
				INFOPLIST_KEY_UIMainStoryboardFile = Main;
				INFOPLIST_KEY_UISupportedInterfaceOrientations_iPad = "UIInterfaceOrientationPortrait UIInterfaceOrientationPortraitUpsideDown UIInterfaceOrientationLandscapeLeft UIInterfaceOrientationLandscapeRight";
				INFOPLIST_KEY_UISupportedInterfaceOrientations_iPhone = "UIInterfaceOrientationPortrait UIInterfaceOrientationLandscapeLeft UIInterfaceOrientationLandscapeRight";
				IPHONEOS_DEPLOYMENT_TARGET = 14.0;
				LD_RUNPATH_SEARCH_PATHS = (
					"$(inherited)",
					"@executable_path/Frameworks",
				);
				MARKETING_VERSION = 1.0;
				PRODUCT_BUNDLE_IDENTIFIER = com.DesignPattern.test.performancemonitoring;
				PRODUCT_NAME = "$(TARGET_NAME)";
				SWIFT_EMIT_LOC_STRINGS = YES;
				SWIFT_OBJC_BRIDGING_HEADER = "performancemonitoring/monitor/performancemonitoring-Bridging-Header.h";
				SWIFT_VERSION = 5.0;
				TARGETED_DEVICE_FAMILY = "1,2";
			};
			name = Release;
		};
		AFC13FF727547C9800369D61 /* Debug */ = {
			isa = XCBuildConfiguration;
			buildSettings = {
				ALWAYS_EMBED_SWIFT_STANDARD_LIBRARIES = YES;
				BUNDLE_LOADER = "$(TEST_HOST)";
				CODE_SIGN_STYLE = Automatic;
				CURRENT_PROJECT_VERSION = 1;
				GENERATE_INFOPLIST_FILE = YES;
				IPHONEOS_DEPLOYMENT_TARGET = 15.0;
				LD_RUNPATH_SEARCH_PATHS = (
					"$(inherited)",
					"@executable_path/Frameworks",
					"@loader_path/Frameworks",
				);
				MARKETING_VERSION = 1.0;
				PRODUCT_BUNDLE_IDENTIFIER = com.DesignPattern.test.performancemonitoringTests;
				PRODUCT_NAME = "$(TARGET_NAME)";
				SWIFT_EMIT_LOC_STRINGS = NO;
				SWIFT_VERSION = 5.0;
				TARGETED_DEVICE_FAMILY = "1,2";
				TEST_HOST = "$(BUILT_PRODUCTS_DIR)/performancemonitoring.app/performancemonitoring";
			};
			name = Debug;
		};
		AFC13FF827547C9800369D61 /* Release */ = {
			isa = XCBuildConfiguration;
			buildSettings = {
				ALWAYS_EMBED_SWIFT_STANDARD_LIBRARIES = YES;
				BUNDLE_LOADER = "$(TEST_HOST)";
				CODE_SIGN_STYLE = Automatic;
				CURRENT_PROJECT_VERSION = 1;
				GENERATE_INFOPLIST_FILE = YES;
				IPHONEOS_DEPLOYMENT_TARGET = 15.0;
				LD_RUNPATH_SEARCH_PATHS = (
					"$(inherited)",
					"@executable_path/Frameworks",
					"@loader_path/Frameworks",
				);
				MARKETING_VERSION = 1.0;
				PRODUCT_BUNDLE_IDENTIFIER = com.DesignPattern.test.performancemonitoringTests;
				PRODUCT_NAME = "$(TARGET_NAME)";
				SWIFT_EMIT_LOC_STRINGS = NO;
				SWIFT_VERSION = 5.0;
				TARGETED_DEVICE_FAMILY = "1,2";
				TEST_HOST = "$(BUILT_PRODUCTS_DIR)/performancemonitoring.app/performancemonitoring";
			};
			name = Release;
		};
		AFC13FFA27547C9800369D61 /* Debug */ = {
			isa = XCBuildConfiguration;
			buildSettings = {
				ALWAYS_EMBED_SWIFT_STANDARD_LIBRARIES = YES;
				CODE_SIGN_STYLE = Automatic;
				CURRENT_PROJECT_VERSION = 1;
				GENERATE_INFOPLIST_FILE = YES;
				LD_RUNPATH_SEARCH_PATHS = (
					"$(inherited)",
					"@executable_path/Frameworks",
					"@loader_path/Frameworks",
				);
				MARKETING_VERSION = 1.0;
				PRODUCT_BUNDLE_IDENTIFIER = com.DesignPattern.test.performancemonitoringUITests;
				PRODUCT_NAME = "$(TARGET_NAME)";
				SWIFT_EMIT_LOC_STRINGS = NO;
				SWIFT_VERSION = 5.0;
				TARGETED_DEVICE_FAMILY = "1,2";
				TEST_TARGET_NAME = performancemonitoring;
			};
			name = Debug;
		};
		AFC13FFB27547C9800369D61 /* Release */ = {
			isa = XCBuildConfiguration;
			buildSettings = {
				ALWAYS_EMBED_SWIFT_STANDARD_LIBRARIES = YES;
				CODE_SIGN_STYLE = Automatic;
				CURRENT_PROJECT_VERSION = 1;
				GENERATE_INFOPLIST_FILE = YES;
				LD_RUNPATH_SEARCH_PATHS = (
					"$(inherited)",
					"@executable_path/Frameworks",
					"@loader_path/Frameworks",
				);
				MARKETING_VERSION = 1.0;
				PRODUCT_BUNDLE_IDENTIFIER = com.DesignPattern.test.performancemonitoringUITests;
				PRODUCT_NAME = "$(TARGET_NAME)";
				SWIFT_EMIT_LOC_STRINGS = NO;
				SWIFT_VERSION = 5.0;
				TARGETED_DEVICE_FAMILY = "1,2";
				TEST_TARGET_NAME = performancemonitoring;
			};
			name = Release;
		};
/* End XCBuildConfiguration section */

/* Begin XCConfigurationList section */
		AFC13FC427547C9500369D61 /* Build configuration list for PBXProject "performancemonitoring" */ = {
			isa = XCConfigurationList;
			buildConfigurations = (
				AFC13FF127547C9800369D61 /* Debug */,
				AFC13FF227547C9800369D61 /* Release */,
			);
			defaultConfigurationIsVisible = 0;
			defaultConfigurationName = Release;
		};
		AFC13FF327547C9800369D61 /* Build configuration list for PBXNativeTarget "performancemonitoring" */ = {
			isa = XCConfigurationList;
			buildConfigurations = (
				AFC13FF427547C9800369D61 /* Debug */,
				AFC13FF527547C9800369D61 /* Release */,
			);
			defaultConfigurationIsVisible = 0;
			defaultConfigurationName = Release;
		};
		AFC13FF627547C9800369D61 /* Build configuration list for PBXNativeTarget "performancemonitoringTests" */ = {
			isa = XCConfigurationList;
			buildConfigurations = (
				AFC13FF727547C9800369D61 /* Debug */,
				AFC13FF827547C9800369D61 /* Release */,
			);
			defaultConfigurationIsVisible = 0;
			defaultConfigurationName = Release;
		};
		AFC13FF927547C9800369D61 /* Build configuration list for PBXNativeTarget "performancemonitoringUITests" */ = {
			isa = XCConfigurationList;
			buildConfigurations = (
				AFC13FFA27547C9800369D61 /* Debug */,
				AFC13FFB27547C9800369D61 /* Release */,
			);
			defaultConfigurationIsVisible = 0;
			defaultConfigurationName = Release;
		};
/* End XCConfigurationList section */
	};
	rootObject = AFC13FC127547C9500369D61 /* Project object */;
}
